
Microsoft Visual Studio Solution File, Format Version 12.00
# Visual Studio Version 16
VisualStudioVersion = 16.0.808.4
MinimumVisualStudioVersion = 10.0.40219.1
Project("{FAE04EC0-301F-11D3-BF4B-00C04F79EFBC}") = "NGNotesAPI", "NGNotesAPI\NGNotesAPI.csproj", "{CE3EF2B8-1C2E-43F8-A07B-49E2B35E166A}"
EndProject
Global
	GlobalSection(SolutionConfigurationPlatforms) = preSolution
		Debug|Any CPU = Debug|Any CPU
		Release|Any CPU = Release|Any CPU
	EndGlobalSection
	GlobalSection(ProjectConfigurationPlatforms) = postSolution
		{CE3EF2B8-1C2E-43F8-A07B-49E2B35E166A}.Debug|Any CPU.ActiveCfg = Debug|Any CPU
		{CE3EF2B8-1C2E-43F8-A07B-49E2B35E166A}.Debug|Any CPU.Build.0 = Debug|Any CPU
		{CE3EF2B8-1C2E-43F8-A07B-49E2B35E166A}.Release|Any CPU.ActiveCfg = Release|Any CPU
		{CE3EF2B8-1C2E-43F8-A07B-49E2B35E166A}.Release|Any CPU.Build.0 = Release|Any CPU
	EndGlobalSection
	GlobalSection(SolutionProperties) = preSolution
		HideSolutionNode = FALSE
	EndGlobalSection
	GlobalSection(ExtensibilityGlobals) = postSolution
		SolutionGuid = {542CF9A1-9769-4360-8218-6D58B034D9E9}
	EndGlobalSection
EndGlobal
